
Microsoft Visual Studio Solution File, Format Version 12.00
# Visual Studio Version 16
VisualStudioVersion = 25.0.1706.7
MinimumVisualStudioVersion = 10.0.40219.1
Project("{FAE04EC0-301F-11D3-BF4B-00C04F79EFBC}") = "StudentManagementWebAPI", "StudentManagementWebAPI\StudentManagementWebAPI.csproj", "{AD344907-461E-4FCE-86B7-43CC82518C15}"
EndProject
Global
	GlobalSection(SolutionConfigurationPlatforms) = preSolution
		Debug|Any CPU = Debug|Any CPU
		Release|Any CPU = Release|Any CPU
	EndGlobalSection
	GlobalSection(ProjectConfigurationPlatforms) = postSolution
		{AD344907-461E-4FCE-86B7-43CC82518C15}.Debug|Any CPU.ActiveCfg = Debug|Any CPU
		{AD344907-461E-4FCE-86B7-43CC82518C15}.Debug|Any CPU.Build.0 = Debug|Any CPU
		{AD344907-461E-4FCE-86B7-43CC82518C15}.Release|Any CPU.ActiveCfg = Release|Any CPU
		{AD344907-461E-4FCE-86B7-43CC82518C15}.Release|Any CPU.Build.0 = Release|Any CPU
	EndGlobalSection
	GlobalSection(SolutionProperties) = preSolution
		HideSolutionNode = FALSE
	EndGlobalSection
	GlobalSection(ExtensibilityGlobals) = postSolution
		SolutionGuid = {29BC8725-33DA-4C6A-A149-CAE7F3A19F53}
	EndGlobalSection
EndGlobal
